
Microsoft Visual Studio Solution File, Format Version 12.00
# Visual Studio 15
VisualStudioVersion = 15.0.27428.2002
MinimumVisualStudioVersion = 10.0.40219.1
Project("{FAE04EC0-301F-11D3-BF4B-00C04F79EFBC}") = "WebPushSample", "WebPushSample\WebPushSample.csproj", "{CD00A8FE-4F64-43C1-9195-FCBEA9CD4AA2}"
EndProject
Project("{FAE04EC0-301F-11D3-BF4B-00C04F79EFBC}") = "CommonData", "CommonData\CommonData.csproj", "{0E457ABA-C9B4-4637-B0BF-D8071717F0AF}"
EndProject
Project("{FAE04EC0-301F-11D3-BF4B-00C04F79EFBC}") = "Push", "Push\Push.csproj", "{A407E7D7-2DF3-4580-BEAF-D4B7A9F310B2}"
EndProject
Global
	GlobalSection(SolutionConfigurationPlatforms) = preSolution
		Debug|Any CPU = Debug|Any CPU
		Release|Any CPU = Release|Any CPU
	EndGlobalSection
	GlobalSection(ProjectConfigurationPlatforms) = postSolution
		{CD00A8FE-4F64-43C1-9195-FCBEA9CD4AA2}.Debug|Any CPU.ActiveCfg = Debug|Any CPU
		{CD00A8FE-4F64-43C1-9195-FCBEA9CD4AA2}.Debug|Any CPU.Build.0 = Debug|Any CPU
		{CD00A8FE-4F64-43C1-9195-FCBEA9CD4AA2}.Release|Any CPU.ActiveCfg = Release|Any CPU
		{CD00A8FE-4F64-43C1-9195-FCBEA9CD4AA2}.Release|Any CPU.Build.0 = Release|Any CPU
		{0E457ABA-C9B4-4637-B0BF-D8071717F0AF}.Debug|Any CPU.ActiveCfg = Debug|Any CPU
		{0E457ABA-C9B4-4637-B0BF-D8071717F0AF}.Debug|Any CPU.Build.0 = Debug|Any CPU
		{0E457ABA-C9B4-4637-B0BF-D8071717F0AF}.Release|Any CPU.ActiveCfg = Release|Any CPU
		{0E457ABA-C9B4-4637-B0BF-D8071717F0AF}.Release|Any CPU.Build.0 = Release|Any CPU
		{A407E7D7-2DF3-4580-BEAF-D4B7A9F310B2}.Debug|Any CPU.ActiveCfg = Debug|Any CPU
		{A407E7D7-2DF3-4580-BEAF-D4B7A9F310B2}.Debug|Any CPU.Build.0 = Debug|Any CPU
		{A407E7D7-2DF3-4580-BEAF-D4B7A9F310B2}.Release|Any CPU.ActiveCfg = Release|Any CPU
		{A407E7D7-2DF3-4580-BEAF-D4B7A9F310B2}.Release|Any CPU.Build.0 = Release|Any CPU
	EndGlobalSection
	GlobalSection(SolutionProperties) = preSolution
		HideSolutionNode = FALSE
	EndGlobalSection
	GlobalSection(ExtensibilityGlobals) = postSolution
		SolutionGuid = {EDEF6CD2-0FE4-47CE-899E-0411757EC0AF}
	EndGlobalSection
EndGlobal
<Import Project="$(MSBuildBinPath)\Microsoft.CSharp.targets" />
<Import Project="$(VSToolsPath)\WebApplications\Microsoft.WebApplication.targets" Condition="'$(VSToolsPath)' != ''" />
<Import Project="$(MSBuildExtensionsPath32)\Microsoft\VisualStudio\v10.0\WebApplications\Microsoft.WebApplication.targets" Condition="false" />
